// !$*UTF8*$!
{
	archiveVersion = 1;
	classes = {
	};
	objectVersion = 50;
	objects = {

/* Begin PBXBuildFile section */
		C265F88624ED798B00215262 /* AppDelegate.swift in Sources */ = {isa = PBXBuildFile; fileRef = C265F88524ED798B00215262 /* AppDelegate.swift */; };
		C265F88824ED798B00215262 /* SceneDelegate.swift in Sources */ = {isa = PBXBuildFile; fileRef = C265F88724ED798B00215262 /* SceneDelegate.swift */; };
		C265F88A24ED798B00215262 /* ViewController.swift in Sources */ = {isa = PBXBuildFile; fileRef = C265F88924ED798B00215262 /* ViewController.swift */; };
		C265F88D24ED798B00215262 /* Main.storyboard in Resources */ = {isa = PBXBuildFile; fileRef = C265F88B24ED798B00215262 /* Main.storyboard */; };
		C265F89024ED798B00215262 /* Erick_P_Web_Video_Player_.xcdatamodeld in Sources */ = {isa = PBXBuildFile; fileRef = C265F88E24ED798B00215262 /* Erick_P_Web_Video_Player_.xcdatamodeld */; };
		C265F89224ED798C00215262 /* Assets.xcassets in Resources */ = {isa = PBXBuildFile; fileRef = C265F89124ED798C00215262 /* Assets.xcassets */; };
		C265F89524ED798C00215262 /* LaunchScreen.storyboard in Resources */ = {isa = PBXBuildFile; fileRef = C265F89324ED798C00215262 /* LaunchScreen.storyboard */; };
		C265F8A024ED798C00215262 /* Erick_P_Web_Video_Player_Tests.swift in Sources */ = {isa = PBXBuildFile; fileRef = C265F89F24ED798C00215262 /* Erick_P_Web_Video_Player_Tests.swift */; };
		C265F8AB24ED798C00215262 /* Erick_P_Web_Video_Player_UITests.swift in Sources */ = {isa = PBXBuildFile; fileRef = C265F8AA24ED798C00215262 /* Erick_P_Web_Video_Player_UITests.swift */; };
/* End PBXBuildFile section */

/* Begin PBXContainerItemProxy section */
		C265F89C24ED798C00215262 /* PBXContainerItemProxy */ = {
			isa = PBXContainerItemProxy;
			containerPortal = C265F87A24ED798B00215262 /* Project object */;
			proxyType = 1;
			remoteGlobalIDString = C265F88124ED798B00215262;
			remoteInfo = "Erick.P(Web Video Player)";
		};
		C265F8A724ED798C00215262 /* PBXContainerItemProxy */ = {
			isa = PBXContainerItemProxy;
			containerPortal = C265F87A24ED798B00215262 /* Project object */;
			proxyType = 1;
			remoteGlobalIDString = C265F88124ED798B00215262;
			remoteInfo = "Erick.P(Web Video Player)";
		};
/* End PBXContainerItemProxy section */

/* Begin PBXFileReference section */
		C265F88224ED798B00215262 /* Erick.P(Web Video Player).app */ = {isa = PBXFileReference; explicitFileType = wrapper.application; includeInIndex = 0; path = "Erick.P(Web Video Player).app"; sourceTree = BUILT_PRODUCTS_DIR; };
		C265F88524ED798B00215262 /* AppDelegate.swift */ = {isa = PBXFileReference; lastKnownFileType = sourcecode.swift; path = AppDelegate.swift; sourceTree = "<group>"; };
		C265F88724ED798B00215262 /* SceneDelegate.swift */ = {isa = PBXFileReference; lastKnownFileType = sourcecode.swift; path = SceneDelegate.swift; sourceTree = "<group>"; };
		C265F88924ED798B00215262 /* ViewController.swift */ = {isa = PBXFileReference; lastKnownFileType = sourcecode.swift; path = ViewController.swift; sourceTree = "<group>"; };
		C265F88C24ED798B00215262 /* Base */ = {isa = PBXFileReference; lastKnownFileType = file.storyboard; name = Base; path = Base.lproj/Main.storyboard; sourceTree = "<group>"; };
		C265F88F24ED798B00215262 /* Erick_P_Web_Video_Player_.xcdatamodel */ = {isa = PBXFileReference; lastKnownFileType = wrapper.xcdatamodel; path = Erick_P_Web_Video_Player_.xcdatamodel; sourceTree = "<group>"; };
		C265F89124ED798C00215262 /* Assets.xcassets */ = {isa = PBXFileReference; lastKnownFileType = folder.assetcatalog; path = Assets.xcassets; sourceTree = "<group>"; };
		C265F89424ED798C00215262 /* Base */ = {isa = PBXFileReference; lastKnownFileType = file.storyboard; name = Base; path = Base.lproj/LaunchScreen.storyboard; sourceTree = "<group>"; };
		C265F89624ED798C00215262 /* Info.plist */ = {isa = PBXFileReference; lastKnownFileType = text.plist.xml; path = Info.plist; sourceTree = "<group>"; };
		C265F89B24ED798C00215262 /* Erick.P(Web Video Player)Tests.xctest */ = {isa = PBXFileReference; explicitFileType = wrapper.cfbundle; includeInIndex = 0; path = "Erick.P(Web Video Player)Tests.xctest"; sourceTree = BUILT_PRODUCTS_DIR; };
		C265F89F24ED798C00215262 /* Erick_P_Web_Video_Player_Tests.swift */ = {isa = PBXFileReference; lastKnownFileType = sourcecode.swift; path = Erick_P_Web_Video_Player_Tests.swift; sourceTree = "<group>"; };
		C265F8A124ED798C00215262 /* Info.plist */ = {isa = PBXFileReference; lastKnownFileType = text.plist.xml; path = Info.plist; sourceTree = "<group>"; };
		C265F8A624ED798C00215262 /* Erick.P(Web Video Player)UITests.xctest */ = {isa = PBXFileReference; explicitFileType = wrapper.cfbundle; includeInIndex = 0; path = "Erick.P(Web Video Player)UITests.xctest"; sourceTree = BUILT_PRODUCTS_DIR; };
		C265F8AA24ED798C00215262 /* Erick_P_Web_Video_Player_UITests.swift */ = {isa = PBXFileReference; lastKnownFileType = sourcecode.swift; path = Erick_P_Web_Video_Player_UITests.swift; sourceTree = "<group>"; };
		C265F8AC24ED798C00215262 /* Info.plist */ = {isa = PBXFileReference; lastKnownFileType = text.plist.xml; path = Info.plist; sourceTree = "<group>"; };
/* End PBXFileReference section */

/* Begin PBXFrameworksBuildPhase section */
		C265F87F24ED798B00215262 /* Frameworks */ = {
			isa = PBXFrameworksBuildPhase;
			buildActionMask = 2147483647;
			files = (
			);
			runOnlyForDeploymentPostprocessing = 0;
		};
		C265F89824ED798C00215262 /* Frameworks */ = {
			isa = PBXFrameworksBuildPhase;
			buildActionMask = 2147483647;
			files = (
			);
			runOnlyForDeploymentPostprocessing = 0;
		};
		C265F8A324ED798C00215262 /* Frameworks */ = {
			isa = PBXFrameworksBuildPhase;
			buildActionMask = 2147483647;
			files = (
			);
			runOnlyForDeploymentPostprocessing = 0;
		};
/* End PBXFrameworksBuildPhase section */

/* Begin PBXGroup section */
		C265F87924ED798B00215262 = {
			isa = PBXGroup;
			children = (
				C265F88424ED798B00215262 /* Erick.P(Web Video Player) */,
				C265F89E24ED798C00215262 /* Erick.P(Web Video Player)Tests */,
				C265F8A924ED798C00215262 /* Erick.P(Web Video Player)UITests */,
				C265F88324ED798B00215262 /* Products */,
			);
			sourceTree = "<group>";
		};
		C265F88324ED798B00215262 /* Products */ = {
			isa = PBXGroup;
			children = (
				C265F88224ED798B00215262 /* Erick.P(Web Video Player).app */,
				C265F89B24ED798C00215262 /* Erick.P(Web Video Player)Tests.xctest */,
				C265F8A624ED798C00215262 /* Erick.P(Web Video Player)UITests.xctest */,
			);
			name = Products;
			sourceTree = "<group>";
		};
		C265F88424ED798B00215262 /* Erick.P(Web Video Player) */ = {
			isa = PBXGroup;
			children = (
				C265F88524ED798B00215262 /* AppDelegate.swift */,
				C265F88724ED798B00215262 /* SceneDelegate.swift */,
				C265F88924ED798B00215262 /* ViewController.swift */,
				C265F88B24ED798B00215262 /* Main.storyboard */,
				C265F89124ED798C00215262 /* Assets.xcassets */,
				C265F89324ED798C00215262 /* LaunchScreen.storyboard */,
				C265F89624ED798C00215262 /* Info.plist */,
				C265F88E24ED798B00215262 /* Erick_P_Web_Video_Player_.xcdatamodeld */,
			);
			path = "Erick.P(Web Video Player)";
			sourceTree = "<group>";
		};
		C265F89E24ED798C00215262 /* Erick.P(Web Video Player)Tests */ = {
			isa = PBXGroup;
			children = (
				C265F89F24ED798C00215262 /* Erick_P_Web_Video_Player_Tests.swift */,
				C265F8A124ED798C00215262 /* Info.plist */,
			);
			path = "Erick.P(Web Video Player)Tests";
			sourceTree = "<group>";
		};
		C265F8A924ED798C00215262 /* Erick.P(Web Video Player)UITests */ = {
			isa = PBXGroup;
			children = (
				C265F8AA24ED798C00215262 /* Erick_P_Web_Video_Player_UITests.swift */,
				C265F8AC24ED798C00215262 /* Info.plist */,
			);
			path = "Erick.P(Web Video Player)UITests";
			sourceTree = "<group>";
		};
/* End PBXGroup section */

/* Begin PBXNativeTarget section */
		C265F88124ED798B00215262 /* Erick.P(Web Video Player) */ = {
			isa = PBXNativeTarget;
			buildConfigurationList = C265F8AF24ED798C00215262 /* Build configuration list for PBXNativeTarget "Erick.P(Web Video Player)" */;
			buildPhases = (
				C265F87E24ED798B00215262 /* Sources */,
				C265F87F24ED798B00215262 /* Frameworks */,
				C265F88024ED798B00215262 /* Resources */,
			);
			buildRules = (
			);
			dependencies = (
			);
			name = "Erick.P(Web Video Player)";
			productName = "Erick.P(Web Video Player)";
			productReference = C265F88224ED798B00215262 /* Erick.P(Web Video Player).app */;
			productType = "com.apple.product-type.application";
		};
		C265F89A24ED798C00215262 /* Erick.P(Web Video Player)Tests */ = {
			isa = PBXNativeTarget;
			buildConfigurationList = C265F8B224ED798C00215262 /* Build configuration list for PBXNativeTarget "Erick.P(Web Video Player)Tests" */;
			buildPhases = (
				C265F89724ED798C00215262 /* Sources */,
				C265F89824ED798C00215262 /* Frameworks */,
				C265F89924ED798C00215262 /* Resources */,
			);
			buildRules = (
			);
			dependencies = (
				C265F89D24ED798C00215262 /* PBXTargetDependency */,
			);
			name = "Erick.P(Web Video Player)Tests";
			productName = "Erick.P(Web Video Player)Tests";
			productReference = C265F89B24ED798C00215262 /* Erick.P(Web Video Player)Tests.xctest */;
			productType = "com.apple.product-type.bundle.unit-test";
		};
		C265F8A524ED798C00215262 /* Erick.P(Web Video Player)UITests */ = {
			isa = PBXNativeTarget;
			buildConfigurationList = C265F8B524ED798C00215262 /* Build configuration list for PBXNativeTarget "Erick.P(Web Video Player)UITests" */;
			buildPhases = (
				C265F8A224ED798C00215262 /* Sources */,
				C265F8A324ED798C00215262 /* Frameworks */,
				C265F8A424ED798C00215262 /* Resources */,
			);
			buildRules = (
			);
			dependencies = (
				C265F8A824ED798C00215262 /* PBXTargetDependency */,
			);
			name = "Erick.P(Web Video Player)UITests";
			productName = "Erick.P(Web Video Player)UITests";
			productReference = C265F8A624ED798C00215262 /* Erick.P(Web Video Player)UITests.xctest */;
			productType = "com.apple.product-type.bundle.ui-testing";
		};
/* End PBXNativeTarget section */

/* Begin PBXProject section */
		C265F87A24ED798B00215262 /* Project object */ = {
			isa = PBXProject;
			attributes = {
				LastSwiftUpdateCheck = 1150;
				LastUpgradeCheck = 1150;
				ORGANIZATIONNAME = "Erick P";
				TargetAttributes = {
					C265F88124ED798B00215262 = {
						CreatedOnToolsVersion = 11.5;
					};
					C265F89A24ED798C00215262 = {
						CreatedOnToolsVersion = 11.5;
						TestTargetID = C265F88124ED798B00215262;
					};
					C265F8A524ED798C00215262 = {
						CreatedOnToolsVersion = 11.5;
						TestTargetID = C265F88124ED798B00215262;
					};
				};
			};
			buildConfigurationList = C265F87D24ED798B00215262 /* Build configuration list for PBXProject "Erick.P(Web Video Player)" */;
			compatibilityVersion = "Xcode 9.3";
			developmentRegion = en;
			hasScannedForEncodings = 0;
			knownRegions = (
				en,
				Base,
			);
			mainGroup = C265F87924ED798B00215262;
			productRefGroup = C265F88324ED798B00215262 /* Products */;
			projectDirPath = "";
			projectRoot = "";
			targets = (
				C265F88124ED798B00215262 /* Erick.P(Web Video Player) */,
				C265F89A24ED798C00215262 /* Erick.P(Web Video Player)Tests */,
				C265F8A524ED798C00215262 /* Erick.P(Web Video Player)UITests */,
			);
		};
/* End PBXProject section */

/* Begin PBXResourcesBuildPhase section */
		C265F88024ED798B00215262 /* Resources */ = {
			isa = PBXResourcesBuildPhase;
			buildActionMask = 2147483647;
			files = (
				C265F89524ED798C00215262 /* LaunchScreen.storyboard in Resources */,
				C265F89224ED798C00215262 /* Assets.xcassets in Resources */,
				C265F88D24ED798B00215262 /* Main.storyboard in Resources */,
			);
			runOnlyForDeploymentPostprocessing = 0;
		};
		C265F89924ED798C00215262 /* Resources */ = {
			isa = PBXResourcesBuildPhase;
			buildActionMask = 2147483647;
			files = (
			);
			runOnlyForDeploymentPostprocessing = 0;
		};
		C265F8A424ED798C00215262 /* Resources */ = {
			isa = PBXResourcesBuildPhase;
			buildActionMask = 2147483647;
			files = (
			);
			runOnlyForDeploymentPostprocessing = 0;
		};
/* End PBXResourcesBuildPhase section */

/* Begin PBXSourcesBuildPhase section */
		C265F87E24ED798B00215262 /* Sources */ = {
			isa = PBXSourcesBuildPhase;
			buildActionMask = 2147483647;
			files = (
				C265F88A24ED798B00215262 /* ViewController.swift in Sources */,
				C265F89024ED798B00215262 /* Erick_P_Web_Video_Player_.xcdatamodeld in Sources */,
				C265F88624ED798B00215262 /* AppDelegate.swift in Sources */,
				C265F88824ED798B00215262 /* SceneDelegate.swift in Sources */,
			);
			runOnlyForDeploymentPostprocessing = 0;
		};
		C265F89724ED798C00215262 /* Sources */ = {
			isa = PBXSourcesBuildPhase;
			buildActionMask = 2147483647;
			files = (
				C265F8A024ED798C00215262 /* Erick_P_Web_Video_Player_Tests.swift in Sources */,
			);
			runOnlyForDeploymentPostprocessing = 0;
		};
		C265F8A224ED798C00215262 /* Sources */ = {
			isa = PBXSourcesBuildPhase;
			buildActionMask = 2147483647;
			files = (
				C265F8AB24ED798C00215262 /* Erick_P_Web_Video_Player_UITests.swift in Sources */,
			);
			runOnlyForDeploymentPostprocessing = 0;
		};
/* End PBXSourcesBuildPhase section */

/* Begin PBXTargetDependency section */
		C265F89D24ED798C00215262 /* PBXTargetDependency */ = {
			isa = PBXTargetDependency;
			target = C265F88124ED798B00215262 /* Erick.P(Web Video Player) */;
			targetProxy = C265F89C24ED798C00215262 /* PBXContainerItemProxy */;
		};
		C265F8A824ED798C00215262 /* PBXTargetDependency */ = {
			isa = PBXTargetDependency;
			target = C265F88124ED798B00215262 /* Erick.P(Web Video Player) */;
			targetProxy = C265F8A724ED798C00215262 /* PBXContainerItemProxy */;
		};
/* End PBXTargetDependency section */

/* Begin PBXVariantGroup section */
		C265F88B24ED798B00215262 /* Main.storyboard */ = {
			isa = PBXVariantGroup;
			children = (
				C265F88C24ED798B00215262 /* Base */,
			);
			name = Main.storyboard;
			sourceTree = "<group>";
		};
		C265F89324ED798C00215262 /* LaunchScreen.storyboard */ = {
			isa = PBXVariantGroup;
			children = (
				C265F89424ED798C00215262 /* Base */,
			);
			name = LaunchScreen.storyboard;
			sourceTree = "<group>";
		};
/* End PBXVariantGroup section */

/* Begin XCBuildConfiguration section */
		C265F8AD24ED798C00215262 /* Debug */ = {
			isa = XCBuildConfiguration;
			buildSettings = {
				ALWAYS_SEARCH_USER_PATHS = NO;
				CLANG_ANALYZER_NONNULL = YES;
				CLANG_ANALYZER_NUMBER_OBJECT_CONVERSION = YES_AGGRESSIVE;
				CLANG_CXX_LANGUAGE_STANDARD = "gnu++14";
				CLANG_CXX_LIBRARY = "libc++";
				CLANG_ENABLE_MODULES = YES;
				CLANG_ENABLE_OBJC_ARC = YES;
				CLANG_ENABLE_OBJC_WEAK = YES;
				CLANG_WARN_BLOCK_CAPTURE_AUTORELEASING = YES;
				CLANG_WARN_BOOL_CONVERSION = YES;
				CLANG_WARN_COMMA = YES;
				CLANG_WARN_CONSTANT_CONVERSION = YES;
				CLANG_WARN_DEPRECATED_OBJC_IMPLEMENTATIONS = YES;
				CLANG_WARN_DIRECT_OBJC_ISA_USAGE = YES_ERROR;
				CLANG_WARN_DOCUMENTATION_COMMENTS = YES;
				CLANG_WARN_EMPTY_BODY = YES;
				CLANG_WARN_ENUM_CONVERSION = YES;
				CLANG_WARN_INFINITE_RECURSION = YES;
				CLANG_WARN_INT_CONVERSION = YES;
				CLANG_WARN_NON_LITERAL_NULL_CONVERSION = YES;
				CLANG_WARN_OBJC_IMPLICIT_RETAIN_SELF = YES;
				CLANG_WARN_OBJC_LITERAL_CONVERSION = YES;
				CLANG_WARN_OBJC_ROOT_CLASS = YES_ERROR;
				CLANG_WARN_RANGE_LOOP_ANALYSIS = YES;
				CLANG_WARN_STRICT_PROTOTYPES = YES;
				CLANG_WARN_SUSPICIOUS_MOVE = YES;
				CLANG_WARN_UNGUARDED_AVAILABILITY = YES_AGGRESSIVE;
				CLANG_WARN_UNREACHABLE_CODE = YES;
				CLANG_WARN__DUPLICATE_METHOD_MATCH = YES;
				COPY_PHASE_STRIP = NO;
				DEBUG_INFORMATION_FORMAT = dwarf;
				ENABLE_STRICT_OBJC_MSGSEND = YES;
				ENABLE_TESTABILITY = YES;
				GCC_C_LANGUAGE_STANDARD = gnu11;
				GCC_DYNAMIC_NO_PIC = NO;
				GCC_NO_COMMON_BLOCKS = YES;
				GCC_OPTIMIZATION_LEVEL = 0;
				GCC_PREPROCESSOR_DEFINITIONS = (
					"DEBUG=1",
					"$(inherited)",
				);
				GCC_WARN_64_TO_32_BIT_CONVERSION = YES;
				GCC_WARN_ABOUT_RETURN_TYPE = YES_ERROR;
				GCC_WARN_UNDECLARED_SELECTOR = YES;
				GCC_WARN_UNINITIALIZED_AUTOS = YES_AGGRESSIVE;
				GCC_WARN_UNUSED_FUNCTION = YES;
				GCC_WARN_UNUSED_VARIABLE = YES;
				IPHONEOS_DEPLOYMENT_TARGET = 13.5;
				MTL_ENABLE_DEBUG_INFO = INCLUDE_SOURCE;
				MTL_FAST_MATH = YES;
				ONLY_ACTIVE_ARCH = YES;
				SDKROOT = iphoneos;
				SWIFT_ACTIVE_COMPILATION_CONDITIONS = DEBUG;
				SWIFT_OPTIMIZATION_LEVEL = "-Onone";
			};
			name = Debug;
		};
		C265F8AE24ED798C00215262 /* Release */ = {
			isa = XCBuildConfiguration;
			buildSettings = {
				ALWAYS_SEARCH_USER_PATHS = NO;
				CLANG_ANALYZER_NONNULL = YES;
				CLANG_ANALYZER_NUMBER_OBJECT_CONVERSION = YES_AGGRESSIVE;
				CLANG_CXX_LANGUAGE_STANDARD = "gnu++14";
				CLANG_CXX_LIBRARY = "libc++";
				CLANG_ENABLE_MODULES = YES;
				CLANG_ENABLE_OBJC_ARC = YES;
				CLANG_ENABLE_OBJC_WEAK = YES;
				CLANG_WARN_BLOCK_CAPTURE_AUTORELEASING = YES;
				CLANG_WARN_BOOL_CONVERSION = YES;
				CLANG_WARN_COMMA = YES;
				CLANG_WARN_CONSTANT_CONVERSION = YES;
				CLANG_WARN_DEPRECATED_OBJC_IMPLEMENTATIONS = YES;
				CLANG_WARN_DIRECT_OBJC_ISA_USAGE = YES_ERROR;
				CLANG_WARN_DOCUMENTATION_COMMENTS = YES;
				CLANG_WARN_EMPTY_BODY = YES;
				CLANG_WARN_ENUM_CONVERSION = YES;
				CLANG_WARN_INFINITE_RECURSION = YES;
				CLANG_WARN_INT_CONVERSION = YES;
				CLANG_WARN_NON_LITERAL_NULL_CONVERSION = YES;
				CLANG_WARN_OBJC_IMPLICIT_RETAIN_SELF = YES;
				CLANG_WARN_OBJC_LITERAL_CONVERSION = YES;
				CLANG_WARN_OBJC_ROOT_CLASS = YES_ERROR;
				CLANG_WARN_RANGE_LOOP_ANALYSIS = YES;
				CLANG_WARN_STRICT_PROTOTYPES = YES;
				CLANG_WARN_SUSPICIOUS_MOVE = YES;
				CLANG_WARN_UNGUARDED_AVAILABILITY = YES_AGGRESSIVE;
				CLANG_WARN_UNREACHABLE_CODE = YES;
				CLANG_WARN__DUPLICATE_METHOD_MATCH = YES;
				COPY_PHASE_STRIP = NO;
				DEBUG_INFORMATION_FORMAT = "dwarf-with-dsym";
				ENABLE_NS_ASSERTIONS = NO;
				ENABLE_STRICT_OBJC_MSGSEND = YES;
				GCC_C_LANGUAGE_STANDARD = gnu11;
				GCC_NO_COMMON_BLOCKS = YES;
				GCC_WARN_64_TO_32_BIT_CONVERSION = YES;
				GCC_WARN_ABOUT_RETURN_TYPE = YES_ERROR;
				GCC_WARN_UNDECLARED_SELECTOR = YES;
				GCC_WARN_UNINITIALIZED_AUTOS = YES_AGGRESSIVE;
				GCC_WARN_UNUSED_FUNCTION = YES;
				GCC_WARN_UNUSED_VARIABLE = YES;
				IPHONEOS_DEPLOYMENT_TARGET = 13.5;
				MTL_ENABLE_DEBUG_INFO = NO;
				MTL_FAST_MATH = YES;
				SDKROOT = iphoneos;
				SWIFT_COMPILATION_MODE = wholemodule;
				SWIFT_OPTIMIZATION_LEVEL = "-O";
				VALIDATE_PRODUCT = YES;
			};
			name = Release;
		};
		C265F8B024ED798C00215262 /* Debug */ = {
			isa = XCBuildConfiguration;
			buildSettings = {
				ASSETCATALOG_COMPILER_APPICON_NAME = AppIcon;
				CODE_SIGN_STYLE = Automatic;
				INFOPLIST_FILE = "Erick.P(Web Video Player)/Info.plist";
				LD_RUNPATH_SEARCH_PATHS = (
					"$(inherited)",
					"@executable_path/Frameworks",
				);
				PRODUCT_BUNDLE_IDENTIFIER = "-04.Erick-P-Web-Video-Player-";
				PRODUCT_NAME = "$(TARGET_NAME)";
				SWIFT_VERSION = 5.0;
				TARGETED_DEVICE_FAMILY = "1,2";
			};
			name = Debug;
		};
		C265F8B124ED798C00215262 /* Release */ = {
			isa = XCBuildConfiguration;
			buildSettings = {
				ASSETCATALOG_COMPILER_APPICON_NAME = AppIcon;
				CODE_SIGN_STYLE = Automatic;
				INFOPLIST_FILE = "Erick.P(Web Video Player)/Info.plist";
				LD_RUNPATH_SEARCH_PATHS = (
					"$(inherited)",
					"@executable_path/Frameworks",
				);
				PRODUCT_BUNDLE_IDENTIFIER = "-04.Erick-P-Web-Video-Player-";
				PRODUCT_NAME = "$(TARGET_NAME)";
				SWIFT_VERSION = 5.0;
				TARGETED_DEVICE_FAMILY = "1,2";
			};
			name = Release;
		};
		C265F8B324ED798C00215262 /* Debug */ = {
			isa = XCBuildConfiguration;
			buildSettings = {
				ALWAYS_EMBED_SWIFT_STANDARD_LIBRARIES = YES;
				BUNDLE_LOADER = "$(TEST_HOST)";
				CODE_SIGN_STYLE = Automatic;
				INFOPLIST_FILE = "Erick.P(Web Video Player)Tests/Info.plist";
				IPHONEOS_DEPLOYMENT_TARGET = 13.5;
				LD_RUNPATH_SEARCH_PATHS = (
					"$(inherited)",
					"@executable_path/Frameworks",
					"@loader_path/Frameworks",
				);
				PRODUCT_BUNDLE_IDENTIFIER = "-04.Erick-P-Web-Video-Player-Tests";
				PRODUCT_NAME = "$(TARGET_NAME)";
				SWIFT_VERSION = 5.0;
				TARGETED_DEVICE_FAMILY = "1,2";
				TEST_HOST = "$(BUILT_PRODUCTS_DIR)/Erick.P(Web Video Player).app/Erick.P(Web Video Player)";
			};
			name = Debug;
		};
		C265F8B424ED798C00215262 /* Release */ = {
			isa = XCBuildConfiguration;
			buildSettings = {
				ALWAYS_EMBED_SWIFT_STANDARD_LIBRARIES = YES;
				BUNDLE_LOADER = "$(TEST_HOST)";
				CODE_SIGN_STYLE = Automatic;
				INFOPLIST_FILE = "Erick.P(Web Video Player)Tests/Info.plist";
				IPHONEOS_DEPLOYMENT_TARGET = 13.5;
				LD_RUNPATH_SEARCH_PATHS = (
					"$(inherited)",
					"@executable_path/Frameworks",
					"@loader_path/Frameworks",
				);
				PRODUCT_BUNDLE_IDENTIFIER = "-04.Erick-P-Web-Video-Player-Tests";
				PRODUCT_NAME = "$(TARGET_NAME)";
				SWIFT_VERSION = 5.0;
				TARGETED_DEVICE_FAMILY = "1,2";
				TEST_HOST = "$(BUILT_PRODUCTS_DIR)/Erick.P(Web Video Player).app/Erick.P(Web Video Player)";
			};
			name = Release;
		};
		C265F8B624ED798C00215262 /* Debug */ = {
			isa = XCBuildConfiguration;
			buildSettings = {
				ALWAYS_EMBED_SWIFT_STANDARD_LIBRARIES = YES;
				CODE_SIGN_STYLE = Automatic;
				INFOPLIST_FILE = "Erick.P(Web Video Player)UITests/Info.plist";
				LD_RUNPATH_SEARCH_PATHS = (
					"$(inherited)",
					"@executable_path/Frameworks",
					"@loader_path/Frameworks",
				);
				PRODUCT_BUNDLE_IDENTIFIER = "-04.Erick-P-Web-Video-Player-UITests";
				PRODUCT_NAME = "$(TARGET_NAME)";
				SWIFT_VERSION = 5.0;
				TARGETED_DEVICE_FAMILY = "1,2";
				TEST_TARGET_NAME = "Erick.P(Web Video Player)";
			};
			name = Debug;
		};
		C265F8B724ED798C00215262 /* Release */ = {
			isa = XCBuildConfiguration;
			buildSettings = {
				ALWAYS_EMBED_SWIFT_STANDARD_LIBRARIES = YES;
				CODE_SIGN_STYLE = Automatic;
				INFOPLIST_FILE = "Erick.P(Web Video Player)UITests/Info.plist";
				LD_RUNPATH_SEARCH_PATHS = (
					"$(inherited)",
					"@executable_path/Frameworks",
					"@loader_path/Frameworks",
				);
				PRODUCT_BUNDLE_IDENTIFIER = "-04.Erick-P-Web-Video-Player-UITests";
				PRODUCT_NAME = "$(TARGET_NAME)";
				SWIFT_VERSION = 5.0;
				TARGETED_DEVICE_FAMILY = "1,2";
				TEST_TARGET_NAME = "Erick.P(Web Video Player)";
			};
			name = Release;
		};
/* End XCBuildConfiguration section */

/* Begin XCConfigurationList section */
		C265F87D24ED798B00215262 /* Build configuration list for PBXProject "Erick.P(Web Video Player)" */ = {
			isa = XCConfigurationList;
			buildConfigurations = (
				C265F8AD24ED798C00215262 /* Debug */,
				C265F8AE24ED798C00215262 /* Release */,
			);
			defaultConfigurationIsVisible = 0;
			defaultConfigurationName = Release;
		};
		C265F8AF24ED798C00215262 /* Build configuration list for PBXNativeTarget "Erick.P(Web Video Player)" */ = {
			isa = XCConfigurationList;
			buildConfigurations = (
				C265F8B024ED798C00215262 /* Debug */,
				C265F8B124ED798C00215262 /* Release */,
			);
			defaultConfigurationIsVisible = 0;
			defaultConfigurationName = Release;
		};
		C265F8B224ED798C00215262 /* Build configuration list for PBXNativeTarget "Erick.P(Web Video Player)Tests" */ = {
			isa = XCConfigurationList;
			buildConfigurations = (
				C265F8B324ED798C00215262 /* Debug */,
				C265F8B424ED798C00215262 /* Release */,
			);
			defaultConfigurationIsVisible = 0;
			defaultConfigurationName = Release;
		};
		C265F8B524ED798C00215262 /* Build configuration list for PBXNativeTarget "Erick.P(Web Video Player)UITests" */ = {
			isa = XCConfigurationList;
			buildConfigurations = (
				C265F8B624ED798C00215262 /* Debug */,
				C265F8B724ED798C00215262 /* Release */,
			);
			defaultConfigurationIsVisible = 0;
			defaultConfigurationName = Release;
		};
/* End XCConfigurationList section */

/* Begin XCVersionGroup section */
		C265F88E24ED798B00215262 /* Erick_P_Web_Video_Player_.xcdatamodeld */ = {
			isa = XCVersionGroup;
			children = (
				C265F88F24ED798B00215262 /* Erick_P_Web_Video_Player_.xcdatamodel */,
			);
			currentVersion = C265F88F24ED798B00215262 /* Erick_P_Web_Video_Player_.xcdatamodel */;
			path = Erick_P_Web_Video_Player_.xcdatamodeld;
			sourceTree = "<group>";
			versionGroupType = wrapper.xcdatamodel;
		};
/* End XCVersionGroup section */
	};
	rootObject = C265F87A24ED798B00215262 /* Project object */;
}
