// !$*UTF8*$!
{
	archiveVersion = 1;
	classes = {
	};
	objectVersion = 50;
	objects = {

/* Begin PBXBuildFile section */
		C256FD5B24EC2AAB00415E56 /* AppDelegate.swift in Sources */ = {isa = PBXBuildFile; fileRef = C256FD5A24EC2AAB00415E56 /* AppDelegate.swift */; };
		C256FD5D24EC2AAB00415E56 /* SceneDelegate.swift in Sources */ = {isa = PBXBuildFile; fileRef = C256FD5C24EC2AAB00415E56 /* SceneDelegate.swift */; };
		C256FD5F24EC2AAB00415E56 /* ViewController.swift in Sources */ = {isa = PBXBuildFile; fileRef = C256FD5E24EC2AAB00415E56 /* ViewController.swift */; };
		C256FD6224EC2AAB00415E56 /* Main.storyboard in Resources */ = {isa = PBXBuildFile; fileRef = C256FD6024EC2AAB00415E56 /* Main.storyboard */; };
		C256FD6524EC2AAB00415E56 /* Erick_P_Audio_App_.xcdatamodeld in Sources */ = {isa = PBXBuildFile; fileRef = C256FD6324EC2AAB00415E56 /* Erick_P_Audio_App_.xcdatamodeld */; };
		C256FD6724EC2AAC00415E56 /* Assets.xcassets in Resources */ = {isa = PBXBuildFile; fileRef = C256FD6624EC2AAC00415E56 /* Assets.xcassets */; };
		C256FD6A24EC2AAC00415E56 /* LaunchScreen.storyboard in Resources */ = {isa = PBXBuildFile; fileRef = C256FD6824EC2AAC00415E56 /* LaunchScreen.storyboard */; };
		C256FD7524EC2AAC00415E56 /* Erick_P_Audio_App_Tests.swift in Sources */ = {isa = PBXBuildFile; fileRef = C256FD7424EC2AAC00415E56 /* Erick_P_Audio_App_Tests.swift */; };
		C256FD8024EC2AAC00415E56 /* Erick_P_Audio_App_UITests.swift in Sources */ = {isa = PBXBuildFile; fileRef = C256FD7F24EC2AAC00415E56 /* Erick_P_Audio_App_UITests.swift */; };
		C256FD8E24EC2B6700415E56 /* Mountain drawing.jpg in Resources */ = {isa = PBXBuildFile; fileRef = C256FD8D24EC2B6700415E56 /* Mountain drawing.jpg */; };
		C256FD9224EC3B9400415E56 /* guitar.wav in Resources */ = {isa = PBXBuildFile; fileRef = C256FD9124EC3B9400415E56 /* guitar.wav */; };
/* End PBXBuildFile section */

/* Begin PBXContainerItemProxy section */
		C256FD7124EC2AAC00415E56 /* PBXContainerItemProxy */ = {
			isa = PBXContainerItemProxy;
			containerPortal = C256FD4F24EC2AAB00415E56 /* Project object */;
			proxyType = 1;
			remoteGlobalIDString = C256FD5624EC2AAB00415E56;
			remoteInfo = "Erick.P(Audio App)";
		};
		C256FD7C24EC2AAC00415E56 /* PBXContainerItemProxy */ = {
			isa = PBXContainerItemProxy;
			containerPortal = C256FD4F24EC2AAB00415E56 /* Project object */;
			proxyType = 1;
			remoteGlobalIDString = C256FD5624EC2AAB00415E56;
			remoteInfo = "Erick.P(Audio App)";
		};
/* End PBXContainerItemProxy section */

/* Begin PBXFileReference section */
		C256FD5724EC2AAB00415E56 /* Erick.P(Audio App).app */ = {isa = PBXFileReference; explicitFileType = wrapper.application; includeInIndex = 0; path = "Erick.P(Audio App).app"; sourceTree = BUILT_PRODUCTS_DIR; };
		C256FD5A24EC2AAB00415E56 /* AppDelegate.swift */ = {isa = PBXFileReference; lastKnownFileType = sourcecode.swift; path = AppDelegate.swift; sourceTree = "<group>"; };
		C256FD5C24EC2AAB00415E56 /* SceneDelegate.swift */ = {isa = PBXFileReference; lastKnownFileType = sourcecode.swift; path = SceneDelegate.swift; sourceTree = "<group>"; };
		C256FD5E24EC2AAB00415E56 /* ViewController.swift */ = {isa = PBXFileReference; lastKnownFileType = sourcecode.swift; path = ViewController.swift; sourceTree = "<group>"; };
		C256FD6124EC2AAB00415E56 /* Base */ = {isa = PBXFileReference; lastKnownFileType = file.storyboard; name = Base; path = Base.lproj/Main.storyboard; sourceTree = "<group>"; };
		C256FD6424EC2AAB00415E56 /* Erick_P_Audio_App_.xcdatamodel */ = {isa = PBXFileReference; lastKnownFileType = wrapper.xcdatamodel; path = Erick_P_Audio_App_.xcdatamodel; sourceTree = "<group>"; };
		C256FD6624EC2AAC00415E56 /* Assets.xcassets */ = {isa = PBXFileReference; lastKnownFileType = folder.assetcatalog; path = Assets.xcassets; sourceTree = "<group>"; };
		C256FD6924EC2AAC00415E56 /* Base */ = {isa = PBXFileReference; lastKnownFileType = file.storyboard; name = Base; path = Base.lproj/LaunchScreen.storyboard; sourceTree = "<group>"; };
		C256FD6B24EC2AAC00415E56 /* Info.plist */ = {isa = PBXFileReference; lastKnownFileType = text.plist.xml; path = Info.plist; sourceTree = "<group>"; };
		C256FD7024EC2AAC00415E56 /* Erick.P(Audio App)Tests.xctest */ = {isa = PBXFileReference; explicitFileType = wrapper.cfbundle; includeInIndex = 0; path = "Erick.P(Audio App)Tests.xctest"; sourceTree = BUILT_PRODUCTS_DIR; };
		C256FD7424EC2AAC00415E56 /* Erick_P_Audio_App_Tests.swift */ = {isa = PBXFileReference; lastKnownFileType = sourcecode.swift; path = Erick_P_Audio_App_Tests.swift; sourceTree = "<group>"; };
		C256FD7624EC2AAC00415E56 /* Info.plist */ = {isa = PBXFileReference; lastKnownFileType = text.plist.xml; path = Info.plist; sourceTree = "<group>"; };
		C256FD7B24EC2AAC00415E56 /* Erick.P(Audio App)UITests.xctest */ = {isa = PBXFileReference; explicitFileType = wrapper.cfbundle; includeInIndex = 0; path = "Erick.P(Audio App)UITests.xctest"; sourceTree = BUILT_PRODUCTS_DIR; };
		C256FD7F24EC2AAC00415E56 /* Erick_P_Audio_App_UITests.swift */ = {isa = PBXFileReference; lastKnownFileType = sourcecode.swift; path = Erick_P_Audio_App_UITests.swift; sourceTree = "<group>"; };
		C256FD8124EC2AAC00415E56 /* Info.plist */ = {isa = PBXFileReference; lastKnownFileType = text.plist.xml; path = Info.plist; sourceTree = "<group>"; };
		C256FD8D24EC2B6700415E56 /* Mountain drawing.jpg */ = {isa = PBXFileReference; lastKnownFileType = image.jpeg; path = "Mountain drawing.jpg"; sourceTree = "<group>"; };
		C256FD9124EC3B9400415E56 /* guitar.wav */ = {isa = PBXFileReference; lastKnownFileType = audio.wav; path = guitar.wav; sourceTree = "<group>"; };
/* End PBXFileReference section */

/* Begin PBXFrameworksBuildPhase section */
		C256FD5424EC2AAB00415E56 /* Frameworks */ = {
			isa = PBXFrameworksBuildPhase;
			buildActionMask = 2147483647;
			files = (
			);
			runOnlyForDeploymentPostprocessing = 0;
		};
		C256FD6D24EC2AAC00415E56 /* Frameworks */ = {
			isa = PBXFrameworksBuildPhase;
			buildActionMask = 2147483647;
			files = (
			);
			runOnlyForDeploymentPostprocessing = 0;
		};
		C256FD7824EC2AAC00415E56 /* Frameworks */ = {
			isa = PBXFrameworksBuildPhase;
			buildActionMask = 2147483647;
			files = (
			);
			runOnlyForDeploymentPostprocessing = 0;
		};
/* End PBXFrameworksBuildPhase section */

/* Begin PBXGroup section */
		C256FD4E24EC2AAB00415E56 = {
			isa = PBXGroup;
			children = (
				C256FD5924EC2AAB00415E56 /* Erick.P(Audio App) */,
				C256FD7324EC2AAC00415E56 /* Erick.P(Audio App)Tests */,
				C256FD7E24EC2AAC00415E56 /* Erick.P(Audio App)UITests */,
				C256FD5824EC2AAB00415E56 /* Products */,
			);
			sourceTree = "<group>";
		};
		C256FD5824EC2AAB00415E56 /* Products */ = {
			isa = PBXGroup;
			children = (
				C256FD5724EC2AAB00415E56 /* Erick.P(Audio App).app */,
				C256FD7024EC2AAC00415E56 /* Erick.P(Audio App)Tests.xctest */,
				C256FD7B24EC2AAC00415E56 /* Erick.P(Audio App)UITests.xctest */,
			);
			name = Products;
			sourceTree = "<group>";
		};
		C256FD5924EC2AAB00415E56 /* Erick.P(Audio App) */ = {
			isa = PBXGroup;
			children = (
				C256FD5A24EC2AAB00415E56 /* AppDelegate.swift */,
				C256FD5C24EC2AAB00415E56 /* SceneDelegate.swift */,
				C256FD5E24EC2AAB00415E56 /* ViewController.swift */,
				C256FD6024EC2AAB00415E56 /* Main.storyboard */,
				C256FD6624EC2AAC00415E56 /* Assets.xcassets */,
				C256FD6824EC2AAC00415E56 /* LaunchScreen.storyboard */,
				C256FD6B24EC2AAC00415E56 /* Info.plist */,
				C256FD6324EC2AAB00415E56 /* Erick_P_Audio_App_.xcdatamodeld */,
				C256FD8D24EC2B6700415E56 /* Mountain drawing.jpg */,
				C256FD9124EC3B9400415E56 /* guitar.wav */,
			);
			path = "Erick.P(Audio App)";
			sourceTree = "<group>";
		};
		C256FD7324EC2AAC00415E56 /* Erick.P(Audio App)Tests */ = {
			isa = PBXGroup;
			children = (
				C256FD7424EC2AAC00415E56 /* Erick_P_Audio_App_Tests.swift */,
				C256FD7624EC2AAC00415E56 /* Info.plist */,
			);
			path = "Erick.P(Audio App)Tests";
			sourceTree = "<group>";
		};
		C256FD7E24EC2AAC00415E56 /* Erick.P(Audio App)UITests */ = {
			isa = PBXGroup;
			children = (
				C256FD7F24EC2AAC00415E56 /* Erick_P_Audio_App_UITests.swift */,
				C256FD8124EC2AAC00415E56 /* Info.plist */,
			);
			path = "Erick.P(Audio App)UITests";
			sourceTree = "<group>";
		};
/* End PBXGroup section */

/* Begin PBXNativeTarget section */
		C256FD5624EC2AAB00415E56 /* Erick.P(Audio App) */ = {
			isa = PBXNativeTarget;
			buildConfigurationList = C256FD8424EC2AAC00415E56 /* Build configuration list for PBXNativeTarget "Erick.P(Audio App)" */;
			buildPhases = (
				C256FD5324EC2AAB00415E56 /* Sources */,
				C256FD5424EC2AAB00415E56 /* Frameworks */,
				C256FD5524EC2AAB00415E56 /* Resources */,
			);
			buildRules = (
			);
			dependencies = (
			);
			name = "Erick.P(Audio App)";
			productName = "Erick.P(Audio App)";
			productReference = C256FD5724EC2AAB00415E56 /* Erick.P(Audio App).app */;
			productType = "com.apple.product-type.application";
		};
		C256FD6F24EC2AAC00415E56 /* Erick.P(Audio App)Tests */ = {
			isa = PBXNativeTarget;
			buildConfigurationList = C256FD8724EC2AAC00415E56 /* Build configuration list for PBXNativeTarget "Erick.P(Audio App)Tests" */;
			buildPhases = (
				C256FD6C24EC2AAC00415E56 /* Sources */,
				C256FD6D24EC2AAC00415E56 /* Frameworks */,
				C256FD6E24EC2AAC00415E56 /* Resources */,
			);
			buildRules = (
			);
			dependencies = (
				C256FD7224EC2AAC00415E56 /* PBXTargetDependency */,
			);
			name = "Erick.P(Audio App)Tests";
			productName = "Erick.P(Audio App)Tests";
			productReference = C256FD7024EC2AAC00415E56 /* Erick.P(Audio App)Tests.xctest */;
			productType = "com.apple.product-type.bundle.unit-test";
		};
		C256FD7A24EC2AAC00415E56 /* Erick.P(Audio App)UITests */ = {
			isa = PBXNativeTarget;
			buildConfigurationList = C256FD8A24EC2AAC00415E56 /* Build configuration list for PBXNativeTarget "Erick.P(Audio App)UITests" */;
			buildPhases = (
				C256FD7724EC2AAC00415E56 /* Sources */,
				C256FD7824EC2AAC00415E56 /* Frameworks */,
				C256FD7924EC2AAC00415E56 /* Resources */,
			);
			buildRules = (
			);
			dependencies = (
				C256FD7D24EC2AAC00415E56 /* PBXTargetDependency */,
			);
			name = "Erick.P(Audio App)UITests";
			productName = "Erick.P(Audio App)UITests";
			productReference = C256FD7B24EC2AAC00415E56 /* Erick.P(Audio App)UITests.xctest */;
			productType = "com.apple.product-type.bundle.ui-testing";
		};
/* End PBXNativeTarget section */

/* Begin PBXProject section */
		C256FD4F24EC2AAB00415E56 /* Project object */ = {
			isa = PBXProject;
			attributes = {
				LastSwiftUpdateCheck = 1150;
				LastUpgradeCheck = 1150;
				ORGANIZATIONNAME = "Erick P";
				TargetAttributes = {
					C256FD5624EC2AAB00415E56 = {
						CreatedOnToolsVersion = 11.5;
					};
					C256FD6F24EC2AAC00415E56 = {
						CreatedOnToolsVersion = 11.5;
						TestTargetID = C256FD5624EC2AAB00415E56;
					};
					C256FD7A24EC2AAC00415E56 = {
						CreatedOnToolsVersion = 11.5;
						TestTargetID = C256FD5624EC2AAB00415E56;
					};
				};
			};
			buildConfigurationList = C256FD5224EC2AAB00415E56 /* Build configuration list for PBXProject "Erick.P(Audio App)" */;
			compatibilityVersion = "Xcode 9.3";
			developmentRegion = en;
			hasScannedForEncodings = 0;
			knownRegions = (
				en,
				Base,
			);
			mainGroup = C256FD4E24EC2AAB00415E56;
			productRefGroup = C256FD5824EC2AAB00415E56 /* Products */;
			projectDirPath = "";
			projectRoot = "";
			targets = (
				C256FD5624EC2AAB00415E56 /* Erick.P(Audio App) */,
				C256FD6F24EC2AAC00415E56 /* Erick.P(Audio App)Tests */,
				C256FD7A24EC2AAC00415E56 /* Erick.P(Audio App)UITests */,
			);
		};
/* End PBXProject section */

/* Begin PBXResourcesBuildPhase section */
		C256FD5524EC2AAB00415E56 /* Resources */ = {
			isa = PBXResourcesBuildPhase;
			buildActionMask = 2147483647;
			files = (
				C256FD6A24EC2AAC00415E56 /* LaunchScreen.storyboard in Resources */,
				C256FD6724EC2AAC00415E56 /* Assets.xcassets in Resources */,
				C256FD8E24EC2B6700415E56 /* Mountain drawing.jpg in Resources */,
				C256FD9224EC3B9400415E56 /* guitar.wav in Resources */,
				C256FD6224EC2AAB00415E56 /* Main.storyboard in Resources */,
			);
			runOnlyForDeploymentPostprocessing = 0;
		};
		C256FD6E24EC2AAC00415E56 /* Resources */ = {
			isa = PBXResourcesBuildPhase;
			buildActionMask = 2147483647;
			files = (
			);
			runOnlyForDeploymentPostprocessing = 0;
		};
		C256FD7924EC2AAC00415E56 /* Resources */ = {
			isa = PBXResourcesBuildPhase;
			buildActionMask = 2147483647;
			files = (
			);
			runOnlyForDeploymentPostprocessing = 0;
		};
/* End PBXResourcesBuildPhase section */

/* Begin PBXSourcesBuildPhase section */
		C256FD5324EC2AAB00415E56 /* Sources */ = {
			isa = PBXSourcesBuildPhase;
			buildActionMask = 2147483647;
			files = (
				C256FD6524EC2AAB00415E56 /* Erick_P_Audio_App_.xcdatamodeld in Sources */,
				C256FD5F24EC2AAB00415E56 /* ViewController.swift in Sources */,
				C256FD5B24EC2AAB00415E56 /* AppDelegate.swift in Sources */,
				C256FD5D24EC2AAB00415E56 /* SceneDelegate.swift in Sources */,
			);
			runOnlyForDeploymentPostprocessing = 0;
		};
		C256FD6C24EC2AAC00415E56 /* Sources */ = {
			isa = PBXSourcesBuildPhase;
			buildActionMask = 2147483647;
			files = (
				C256FD7524EC2AAC00415E56 /* Erick_P_Audio_App_Tests.swift in Sources */,
			);
			runOnlyForDeploymentPostprocessing = 0;
		};
		C256FD7724EC2AAC00415E56 /* Sources */ = {
			isa = PBXSourcesBuildPhase;
			buildActionMask = 2147483647;
			files = (
				C256FD8024EC2AAC00415E56 /* Erick_P_Audio_App_UITests.swift in Sources */,
			);
			runOnlyForDeploymentPostprocessing = 0;
		};
/* End PBXSourcesBuildPhase section */

/* Begin PBXTargetDependency section */
		C256FD7224EC2AAC00415E56 /* PBXTargetDependency */ = {
			isa = PBXTargetDependency;
			target = C256FD5624EC2AAB00415E56 /* Erick.P(Audio App) */;
			targetProxy = C256FD7124EC2AAC00415E56 /* PBXContainerItemProxy */;
		};
		C256FD7D24EC2AAC00415E56 /* PBXTargetDependency */ = {
			isa = PBXTargetDependency;
			target = C256FD5624EC2AAB00415E56 /* Erick.P(Audio App) */;
			targetProxy = C256FD7C24EC2AAC00415E56 /* PBXContainerItemProxy */;
		};
/* End PBXTargetDependency section */

/* Begin PBXVariantGroup section */
		C256FD6024EC2AAB00415E56 /* Main.storyboard */ = {
			isa = PBXVariantGroup;
			children = (
				C256FD6124EC2AAB00415E56 /* Base */,
			);
			name = Main.storyboard;
			sourceTree = "<group>";
		};
		C256FD6824EC2AAC00415E56 /* LaunchScreen.storyboard */ = {
			isa = PBXVariantGroup;
			children = (
				C256FD6924EC2AAC00415E56 /* Base */,
			);
			name = LaunchScreen.storyboard;
			sourceTree = "<group>";
		};
/* End PBXVariantGroup section */

/* Begin XCBuildConfiguration section */
		C256FD8224EC2AAC00415E56 /* Debug */ = {
			isa = XCBuildConfiguration;
			buildSettings = {
				ALWAYS_SEARCH_USER_PATHS = NO;
				CLANG_ANALYZER_NONNULL = YES;
				CLANG_ANALYZER_NUMBER_OBJECT_CONVERSION = YES_AGGRESSIVE;
				CLANG_CXX_LANGUAGE_STANDARD = "gnu++14";
				CLANG_CXX_LIBRARY = "libc++";
				CLANG_ENABLE_MODULES = YES;
				CLANG_ENABLE_OBJC_ARC = YES;
				CLANG_ENABLE_OBJC_WEAK = YES;
				CLANG_WARN_BLOCK_CAPTURE_AUTORELEASING = YES;
				CLANG_WARN_BOOL_CONVERSION = YES;
				CLANG_WARN_COMMA = YES;
				CLANG_WARN_CONSTANT_CONVERSION = YES;
				CLANG_WARN_DEPRECATED_OBJC_IMPLEMENTATIONS = YES;
				CLANG_WARN_DIRECT_OBJC_ISA_USAGE = YES_ERROR;
				CLANG_WARN_DOCUMENTATION_COMMENTS = YES;
				CLANG_WARN_EMPTY_BODY = YES;
				CLANG_WARN_ENUM_CONVERSION = YES;
				CLANG_WARN_INFINITE_RECURSION = YES;
				CLANG_WARN_INT_CONVERSION = YES;
				CLANG_WARN_NON_LITERAL_NULL_CONVERSION = YES;
				CLANG_WARN_OBJC_IMPLICIT_RETAIN_SELF = YES;
				CLANG_WARN_OBJC_LITERAL_CONVERSION = YES;
				CLANG_WARN_OBJC_ROOT_CLASS = YES_ERROR;
				CLANG_WARN_RANGE_LOOP_ANALYSIS = YES;
				CLANG_WARN_STRICT_PROTOTYPES = YES;
				CLANG_WARN_SUSPICIOUS_MOVE = YES;
				CLANG_WARN_UNGUARDED_AVAILABILITY = YES_AGGRESSIVE;
				CLANG_WARN_UNREACHABLE_CODE = YES;
				CLANG_WARN__DUPLICATE_METHOD_MATCH = YES;
				COPY_PHASE_STRIP = NO;
				DEBUG_INFORMATION_FORMAT = dwarf;
				ENABLE_STRICT_OBJC_MSGSEND = YES;
				ENABLE_TESTABILITY = YES;
				GCC_C_LANGUAGE_STANDARD = gnu11;
				GCC_DYNAMIC_NO_PIC = NO;
				GCC_NO_COMMON_BLOCKS = YES;
				GCC_OPTIMIZATION_LEVEL = 0;
				GCC_PREPROCESSOR_DEFINITIONS = (
					"DEBUG=1",
					"$(inherited)",
				);
				GCC_WARN_64_TO_32_BIT_CONVERSION = YES;
				GCC_WARN_ABOUT_RETURN_TYPE = YES_ERROR;
				GCC_WARN_UNDECLARED_SELECTOR = YES;
				GCC_WARN_UNINITIALIZED_AUTOS = YES_AGGRESSIVE;
				GCC_WARN_UNUSED_FUNCTION = YES;
				GCC_WARN_UNUSED_VARIABLE = YES;
				IPHONEOS_DEPLOYMENT_TARGET = 13.5;
				MTL_ENABLE_DEBUG_INFO = INCLUDE_SOURCE;
				MTL_FAST_MATH = YES;
				ONLY_ACTIVE_ARCH = YES;
				SDKROOT = iphoneos;
				SWIFT_ACTIVE_COMPILATION_CONDITIONS = DEBUG;
				SWIFT_OPTIMIZATION_LEVEL = "-Onone";
			};
			name = Debug;
		};
		C256FD8324EC2AAC00415E56 /* Release */ = {
			isa = XCBuildConfiguration;
			buildSettings = {
				ALWAYS_SEARCH_USER_PATHS = NO;
				CLANG_ANALYZER_NONNULL = YES;
				CLANG_ANALYZER_NUMBER_OBJECT_CONVERSION = YES_AGGRESSIVE;
				CLANG_CXX_LANGUAGE_STANDARD = "gnu++14";
				CLANG_CXX_LIBRARY = "libc++";
				CLANG_ENABLE_MODULES = YES;
				CLANG_ENABLE_OBJC_ARC = YES;
				CLANG_ENABLE_OBJC_WEAK = YES;
				CLANG_WARN_BLOCK_CAPTURE_AUTORELEASING = YES;
				CLANG_WARN_BOOL_CONVERSION = YES;
				CLANG_WARN_COMMA = YES;
				CLANG_WARN_CONSTANT_CONVERSION = YES;
				CLANG_WARN_DEPRECATED_OBJC_IMPLEMENTATIONS = YES;
				CLANG_WARN_DIRECT_OBJC_ISA_USAGE = YES_ERROR;
				CLANG_WARN_DOCUMENTATION_COMMENTS = YES;
				CLANG_WARN_EMPTY_BODY = YES;
				CLANG_WARN_ENUM_CONVERSION = YES;
				CLANG_WARN_INFINITE_RECURSION = YES;
				CLANG_WARN_INT_CONVERSION = YES;
				CLANG_WARN_NON_LITERAL_NULL_CONVERSION = YES;
				CLANG_WARN_OBJC_IMPLICIT_RETAIN_SELF = YES;
				CLANG_WARN_OBJC_LITERAL_CONVERSION = YES;
				CLANG_WARN_OBJC_ROOT_CLASS = YES_ERROR;
				CLANG_WARN_RANGE_LOOP_ANALYSIS = YES;
				CLANG_WARN_STRICT_PROTOTYPES = YES;
				CLANG_WARN_SUSPICIOUS_MOVE = YES;
				CLANG_WARN_UNGUARDED_AVAILABILITY = YES_AGGRESSIVE;
				CLANG_WARN_UNREACHABLE_CODE = YES;
				CLANG_WARN__DUPLICATE_METHOD_MATCH = YES;
				COPY_PHASE_STRIP = NO;
				DEBUG_INFORMATION_FORMAT = "dwarf-with-dsym";
				ENABLE_NS_ASSERTIONS = NO;
				ENABLE_STRICT_OBJC_MSGSEND = YES;
				GCC_C_LANGUAGE_STANDARD = gnu11;
				GCC_NO_COMMON_BLOCKS = YES;
				GCC_WARN_64_TO_32_BIT_CONVERSION = YES;
				GCC_WARN_ABOUT_RETURN_TYPE = YES_ERROR;
				GCC_WARN_UNDECLARED_SELECTOR = YES;
				GCC_WARN_UNINITIALIZED_AUTOS = YES_AGGRESSIVE;
				GCC_WARN_UNUSED_FUNCTION = YES;
				GCC_WARN_UNUSED_VARIABLE = YES;
				IPHONEOS_DEPLOYMENT_TARGET = 13.5;
				MTL_ENABLE_DEBUG_INFO = NO;
				MTL_FAST_MATH = YES;
				SDKROOT = iphoneos;
				SWIFT_COMPILATION_MODE = wholemodule;
				SWIFT_OPTIMIZATION_LEVEL = "-O";
				VALIDATE_PRODUCT = YES;
			};
			name = Release;
		};
		C256FD8524EC2AAC00415E56 /* Debug */ = {
			isa = XCBuildConfiguration;
			buildSettings = {
				ASSETCATALOG_COMPILER_APPICON_NAME = AppIcon;
				CODE_SIGN_STYLE = Automatic;
				INFOPLIST_FILE = "Erick.P(Audio App)/Info.plist";
				LD_RUNPATH_SEARCH_PATHS = (
					"$(inherited)",
					"@executable_path/Frameworks",
				);
				PRODUCT_BUNDLE_IDENTIFIER = "-04.Erick-P-Audio-App-";
				PRODUCT_NAME = "$(TARGET_NAME)";
				SWIFT_VERSION = 5.0;
				TARGETED_DEVICE_FAMILY = "1,2";
			};
			name = Debug;
		};
		C256FD8624EC2AAC00415E56 /* Release */ = {
			isa = XCBuildConfiguration;
			buildSettings = {
				ASSETCATALOG_COMPILER_APPICON_NAME = AppIcon;
				CODE_SIGN_STYLE = Automatic;
				INFOPLIST_FILE = "Erick.P(Audio App)/Info.plist";
				LD_RUNPATH_SEARCH_PATHS = (
					"$(inherited)",
					"@executable_path/Frameworks",
				);
				PRODUCT_BUNDLE_IDENTIFIER = "-04.Erick-P-Audio-App-";
				PRODUCT_NAME = "$(TARGET_NAME)";
				SWIFT_VERSION = 5.0;
				TARGETED_DEVICE_FAMILY = "1,2";
			};
			name = Release;
		};
		C256FD8824EC2AAC00415E56 /* Debug */ = {
			isa = XCBuildConfiguration;
			buildSettings = {
				ALWAYS_EMBED_SWIFT_STANDARD_LIBRARIES = YES;
				BUNDLE_LOADER = "$(TEST_HOST)";
				CODE_SIGN_STYLE = Automatic;
				INFOPLIST_FILE = "Erick.P(Audio App)Tests/Info.plist";
				IPHONEOS_DEPLOYMENT_TARGET = 13.5;
				LD_RUNPATH_SEARCH_PATHS = (
					"$(inherited)",
					"@executable_path/Frameworks",
					"@loader_path/Frameworks",
				);
				PRODUCT_BUNDLE_IDENTIFIER = "-04.Erick-P-Audio-App-Tests";
				PRODUCT_NAME = "$(TARGET_NAME)";
				SWIFT_VERSION = 5.0;
				TARGETED_DEVICE_FAMILY = "1,2";
				TEST_HOST = "$(BUILT_PRODUCTS_DIR)/Erick.P(Audio App).app/Erick.P(Audio App)";
			};
			name = Debug;
		};
		C256FD8924EC2AAC00415E56 /* Release */ = {
			isa = XCBuildConfiguration;
			buildSettings = {
				ALWAYS_EMBED_SWIFT_STANDARD_LIBRARIES = YES;
				BUNDLE_LOADER = "$(TEST_HOST)";
				CODE_SIGN_STYLE = Automatic;
				INFOPLIST_FILE = "Erick.P(Audio App)Tests/Info.plist";
				IPHONEOS_DEPLOYMENT_TARGET = 13.5;
				LD_RUNPATH_SEARCH_PATHS = (
					"$(inherited)",
					"@executable_path/Frameworks",
					"@loader_path/Frameworks",
				);
				PRODUCT_BUNDLE_IDENTIFIER = "-04.Erick-P-Audio-App-Tests";
				PRODUCT_NAME = "$(TARGET_NAME)";
				SWIFT_VERSION = 5.0;
				TARGETED_DEVICE_FAMILY = "1,2";
				TEST_HOST = "$(BUILT_PRODUCTS_DIR)/Erick.P(Audio App).app/Erick.P(Audio App)";
			};
			name = Release;
		};
		C256FD8B24EC2AAC00415E56 /* Debug */ = {
			isa = XCBuildConfiguration;
			buildSettings = {
				ALWAYS_EMBED_SWIFT_STANDARD_LIBRARIES = YES;
				CODE_SIGN_STYLE = Automatic;
				INFOPLIST_FILE = "Erick.P(Audio App)UITests/Info.plist";
				LD_RUNPATH_SEARCH_PATHS = (
					"$(inherited)",
					"@executable_path/Frameworks",
					"@loader_path/Frameworks",
				);
				PRODUCT_BUNDLE_IDENTIFIER = "-04.Erick-P-Audio-App-UITests";
				PRODUCT_NAME = "$(TARGET_NAME)";
				SWIFT_VERSION = 5.0;
				TARGETED_DEVICE_FAMILY = "1,2";
				TEST_TARGET_NAME = "Erick.P(Audio App)";
			};
			name = Debug;
		};
		C256FD8C24EC2AAC00415E56 /* Release */ = {
			isa = XCBuildConfiguration;
			buildSettings = {
				ALWAYS_EMBED_SWIFT_STANDARD_LIBRARIES = YES;
				CODE_SIGN_STYLE = Automatic;
				INFOPLIST_FILE = "Erick.P(Audio App)UITests/Info.plist";
				LD_RUNPATH_SEARCH_PATHS = (
					"$(inherited)",
					"@executable_path/Frameworks",
					"@loader_path/Frameworks",
				);
				PRODUCT_BUNDLE_IDENTIFIER = "-04.Erick-P-Audio-App-UITests";
				PRODUCT_NAME = "$(TARGET_NAME)";
				SWIFT_VERSION = 5.0;
				TARGETED_DEVICE_FAMILY = "1,2";
				TEST_TARGET_NAME = "Erick.P(Audio App)";
			};
			name = Release;
		};
/* End XCBuildConfiguration section */

/* Begin XCConfigurationList section */
		C256FD5224EC2AAB00415E56 /* Build configuration list for PBXProject "Erick.P(Audio App)" */ = {
			isa = XCConfigurationList;
			buildConfigurations = (
				C256FD8224EC2AAC00415E56 /* Debug */,
				C256FD8324EC2AAC00415E56 /* Release */,
			);
			defaultConfigurationIsVisible = 0;
			defaultConfigurationName = Release;
		};
		C256FD8424EC2AAC00415E56 /* Build configuration list for PBXNativeTarget "Erick.P(Audio App)" */ = {
			isa = XCConfigurationList;
			buildConfigurations = (
				C256FD8524EC2AAC00415E56 /* Debug */,
				C256FD8624EC2AAC00415E56 /* Release */,
			);
			defaultConfigurationIsVisible = 0;
			defaultConfigurationName = Release;
		};
		C256FD8724EC2AAC00415E56 /* Build configuration list for PBXNativeTarget "Erick.P(Audio App)Tests" */ = {
			isa = XCConfigurationList;
			buildConfigurations = (
				C256FD8824EC2AAC00415E56 /* Debug */,
				C256FD8924EC2AAC00415E56 /* Release */,
			);
			defaultConfigurationIsVisible = 0;
			defaultConfigurationName = Release;
		};
		C256FD8A24EC2AAC00415E56 /* Build configuration list for PBXNativeTarget "Erick.P(Audio App)UITests" */ = {
			isa = XCConfigurationList;
			buildConfigurations = (
				C256FD8B24EC2AAC00415E56 /* Debug */,
				C256FD8C24EC2AAC00415E56 /* Release */,
			);
			defaultConfigurationIsVisible = 0;
			defaultConfigurationName = Release;
		};
/* End XCConfigurationList section */

/* Begin XCVersionGroup section */
		C256FD6324EC2AAB00415E56 /* Erick_P_Audio_App_.xcdatamodeld */ = {
			isa = XCVersionGroup;
			children = (
				C256FD6424EC2AAB00415E56 /* Erick_P_Audio_App_.xcdatamodel */,
			);
			currentVersion = C256FD6424EC2AAB00415E56 /* Erick_P_Audio_App_.xcdatamodel */;
			path = Erick_P_Audio_App_.xcdatamodeld;
			sourceTree = "<group>";
			versionGroupType = wrapper.xcdatamodel;
		};
/* End XCVersionGroup section */
	};
	rootObject = C256FD4F24EC2AAB00415E56 /* Project object */;
}
